
Microsoft Visual Studio Solution File, Format Version 12.00
# Visual Studio Version 16
VisualStudioVersion = 16.0.31205.134
MinimumVisualStudioVersion = 10.0.40219.1
Project("{FAE04EC0-301F-11D3-BF4B-00C04F79EFBC}") = "Øvelse1", "Øvelse1\Øvelse1.csproj", "{3DB494F1-AA73-4AFB-9E74-895A04C71FEF}"
EndProject
Global
	GlobalSection(SolutionConfigurationPlatforms) = preSolution
		Debug|Any CPU = Debug|Any CPU
		Release|Any CPU = Release|Any CPU
	EndGlobalSection
	GlobalSection(ProjectConfigurationPlatforms) = postSolution
		{3DB494F1-AA73-4AFB-9E74-895A04C71FEF}.Debug|Any CPU.ActiveCfg = Debug|Any CPU
		{3DB494F1-AA73-4AFB-9E74-895A04C71FEF}.Debug|Any CPU.Build.0 = Debug|Any CPU
		{3DB494F1-AA73-4AFB-9E74-895A04C71FEF}.Release|Any CPU.ActiveCfg = Release|Any CPU
		{3DB494F1-AA73-4AFB-9E74-895A04C71FEF}.Release|Any CPU.Build.0 = Release|Any CPU
	EndGlobalSection
	GlobalSection(SolutionProperties) = preSolution
		HideSolutionNode = FALSE
	EndGlobalSection
	GlobalSection(ExtensibilityGlobals) = postSolution
		SolutionGuid = {0B7D2A4B-8ABF-490B-ACA4-C7FDA77D649C}
	EndGlobalSection
EndGlobal
